
Microsoft Visual Studio Solution File, Format Version 12.00
# Visual Studio Version 16
VisualStudioVersion = 16.0.29728.190
MinimumVisualStudioVersion = 10.0.40219.1
Project("{FAE04EC0-301F-11D3-BF4B-00C04F79EFBC}") = "RecursiveTest", "RecursiveTest\RecursiveTest.csproj", "{527183CC-C282-4F08-B615-90376D272B7B}"
EndProject
Project("{FAE04EC0-301F-11D3-BF4B-00C04F79EFBC}") = "RecursiveTest.Test", "RecursiveTest.Test\RecursiveTest.Test.csproj", "{808C653E-15EE-48F3-BD2C-5E8A6FA8598B}"
EndProject
Global
	GlobalSection(SolutionConfigurationPlatforms) = preSolution
		Debug|Any CPU = Debug|Any CPU
		Release|Any CPU = Release|Any CPU
	EndGlobalSection
	GlobalSection(ProjectConfigurationPlatforms) = postSolution
		{527183CC-C282-4F08-B615-90376D272B7B}.Debug|Any CPU.ActiveCfg = Debug|Any CPU
		{527183CC-C282-4F08-B615-90376D272B7B}.Debug|Any CPU.Build.0 = Debug|Any CPU
		{527183CC-C282-4F08-B615-90376D272B7B}.Release|Any CPU.ActiveCfg = Release|Any CPU
		{527183CC-C282-4F08-B615-90376D272B7B}.Release|Any CPU.Build.0 = Release|Any CPU
		{808C653E-15EE-48F3-BD2C-5E8A6FA8598B}.Debug|Any CPU.ActiveCfg = Debug|Any CPU
		{808C653E-15EE-48F3-BD2C-5E8A6FA8598B}.Debug|Any CPU.Build.0 = Debug|Any CPU
		{808C653E-15EE-48F3-BD2C-5E8A6FA8598B}.Release|Any CPU.ActiveCfg = Release|Any CPU
		{808C653E-15EE-48F3-BD2C-5E8A6FA8598B}.Release|Any CPU.Build.0 = Release|Any CPU
	EndGlobalSection
	GlobalSection(SolutionProperties) = preSolution
		HideSolutionNode = FALSE
	EndGlobalSection
	GlobalSection(ExtensibilityGlobals) = postSolution
		SolutionGuid = {0AC57278-6AF4-4BF7-960E-121AA99C538A}
	EndGlobalSection
EndGlobal
